
Microsoft Visual Studio Solution File, Format Version 12.00
# Visual Studio 15
VisualStudioVersion = 15.0.28307.329
MinimumVisualStudioVersion = 10.0.40219.1
Project("{FAE04EC0-301F-11D3-BF4B-00C04F79EFBC}") = "PhoneApi", "PhoneApi\PhoneApi.csproj", "{0320E804-48B7-474E-9E59-5B46A12D9B30}"
EndProject
Global
	GlobalSection(SolutionConfigurationPlatforms) = preSolution
		Debug|Any CPU = Debug|Any CPU
		Release|Any CPU = Release|Any CPU
	EndGlobalSection
	GlobalSection(ProjectConfigurationPlatforms) = postSolution
		{0320E804-48B7-474E-9E59-5B46A12D9B30}.Debug|Any CPU.ActiveCfg = Debug|Any CPU
		{0320E804-48B7-474E-9E59-5B46A12D9B30}.Debug|Any CPU.Build.0 = Debug|Any CPU
		{0320E804-48B7-474E-9E59-5B46A12D9B30}.Release|Any CPU.ActiveCfg = Release|Any CPU
		{0320E804-48B7-474E-9E59-5B46A12D9B30}.Release|Any CPU.Build.0 = Release|Any CPU
	EndGlobalSection
	GlobalSection(SolutionProperties) = preSolution
		HideSolutionNode = FALSE
	EndGlobalSection
	GlobalSection(ExtensibilityGlobals) = postSolution
		SolutionGuid = {58E5CBC0-A8DC-4F9E-A854-C5EEDD1FA535}
	EndGlobalSection
EndGlobal
